
Microsoft Visual Studio Solution File, Format Version 12.00
# Visual Studio Version 16
VisualStudioVersion = 16.0.32002.261
MinimumVisualStudioVersion = 10.0.40219.1
Project("{888888A0-9F3D-457C-B088-3A5042F75D52}") = "DIGITAL WEATHER PROBE", "DIGITAL WEATHER PROBE.pyproj", "{5B8578A7-4587-46FF-9105-9EC60209692E}"
EndProject
Global
	GlobalSection(SolutionConfigurationPlatforms) = preSolution
		Debug|Any CPU = Debug|Any CPU
		Release|Any CPU = Release|Any CPU
	EndGlobalSection
	GlobalSection(ProjectConfigurationPlatforms) = postSolution
		{5B8578A7-4587-46FF-9105-9EC60209692E}.Debug|Any CPU.ActiveCfg = Debug|Any CPU
		{5B8578A7-4587-46FF-9105-9EC60209692E}.Release|Any CPU.ActiveCfg = Release|Any CPU
	EndGlobalSection
	GlobalSection(SolutionProperties) = preSolution
		HideSolutionNode = FALSE
	EndGlobalSection
	GlobalSection(ExtensibilityGlobals) = postSolution
		SolutionGuid = {E2D2AA4E-EF0C-4D1A-AF89-D16B460C8915}
	EndGlobalSection
EndGlobal
